
Microsoft Visual Studio Solution File, Format Version 12.00
# Visual Studio Version 16
VisualStudioVersion = 16.0.31424.327
MinimumVisualStudioVersion = 10.0.40219.1
Project("{FAE04EC0-301F-11D3-BF4B-00C04F79EFBC}") = "pow_Implementation", "pow_Implementation\pow_Implementation.csproj", "{DF26E018-AEE7-40F4-A32C-B55B2C0462C1}"
EndProject
Global
	GlobalSection(SolutionConfigurationPlatforms) = preSolution
		Debug|Any CPU = Debug|Any CPU
		Release|Any CPU = Release|Any CPU
	EndGlobalSection
	GlobalSection(ProjectConfigurationPlatforms) = postSolution
		{DF26E018-AEE7-40F4-A32C-B55B2C0462C1}.Debug|Any CPU.ActiveCfg = Debug|Any CPU
		{DF26E018-AEE7-40F4-A32C-B55B2C0462C1}.Debug|Any CPU.Build.0 = Debug|Any CPU
		{DF26E018-AEE7-40F4-A32C-B55B2C0462C1}.Release|Any CPU.ActiveCfg = Release|Any CPU
		{DF26E018-AEE7-40F4-A32C-B55B2C0462C1}.Release|Any CPU.Build.0 = Release|Any CPU
	EndGlobalSection
	GlobalSection(SolutionProperties) = preSolution
		HideSolutionNode = FALSE
	EndGlobalSection
	GlobalSection(ExtensibilityGlobals) = postSolution
		SolutionGuid = {28C7848B-4B15-4B9D-AABD-652BE1ADF4EB}
	EndGlobalSection
EndGlobal
